
Microsoft Visual Studio Solution File, Format Version 12.00
# Visual Studio Version 16
VisualStudioVersion = 16.0.29519.181
MinimumVisualStudioVersion = 10.0.40219.1
Project("{FAE04EC0-301F-11D3-BF4B-00C04F79EFBC}") = "worker-service", "worker-service.csproj", "{095B1FEE-DCB4-458B-88F4-D9F639BA4A58}"
EndProject
Global
	GlobalSection(SolutionConfigurationPlatforms) = preSolution
		Debug|Any CPU = Debug|Any CPU
		Release|Any CPU = Release|Any CPU
	EndGlobalSection
	GlobalSection(ProjectConfigurationPlatforms) = postSolution
		{095B1FEE-DCB4-458B-88F4-D9F639BA4A58}.Debug|Any CPU.ActiveCfg = Debug|Any CPU
		{095B1FEE-DCB4-458B-88F4-D9F639BA4A58}.Debug|Any CPU.Build.0 = Debug|Any CPU
		{095B1FEE-DCB4-458B-88F4-D9F639BA4A58}.Release|Any CPU.ActiveCfg = Release|Any CPU
		{095B1FEE-DCB4-458B-88F4-D9F639BA4A58}.Release|Any CPU.Build.0 = Release|Any CPU
	EndGlobalSection
	GlobalSection(SolutionProperties) = preSolution
		HideSolutionNode = FALSE
	EndGlobalSection
	GlobalSection(ExtensibilityGlobals) = postSolution
		SolutionGuid = {C7915360-EB61-440C-AC37-24C777488215}
	EndGlobalSection
EndGlobal
